
Microsoft Visual Studio Solution File, Format Version 12.00
# Visual Studio Version 16
VisualStudioVersion = 16.0.36324.18
MinimumVisualStudioVersion = 10.0.40219.1
Project("{FAE04EC0-301F-11D3-BF4B-00C04F79EFBC}") = "theProjectFinal", "theProjectFinal\theProjectFinal.csproj", "{098619D6-364B-4650-B1A1-0F33B0E26950}"
EndProject
Global
	GlobalSection(SolutionConfigurationPlatforms) = preSolution
		Debug|Any CPU = Debug|Any CPU
		Release|Any CPU = Release|Any CPU
	EndGlobalSection
	GlobalSection(ProjectConfigurationPlatforms) = postSolution
		{098619D6-364B-4650-B1A1-0F33B0E26950}.Debug|Any CPU.ActiveCfg = Debug|Any CPU
		{098619D6-364B-4650-B1A1-0F33B0E26950}.Debug|Any CPU.Build.0 = Debug|Any CPU
		{098619D6-364B-4650-B1A1-0F33B0E26950}.Release|Any CPU.ActiveCfg = Release|Any CPU
		{098619D6-364B-4650-B1A1-0F33B0E26950}.Release|Any CPU.Build.0 = Release|Any CPU
	EndGlobalSection
	GlobalSection(SolutionProperties) = preSolution
		HideSolutionNode = FALSE
	EndGlobalSection
	GlobalSection(ExtensibilityGlobals) = postSolution
		SolutionGuid = {7943A61C-083C-4238-A46C-18DA8E9E2377}
	EndGlobalSection
EndGlobal
